
Microsoft Visual Studio Solution File, Format Version 12.00
# Visual Studio Version 16
VisualStudioVersion = 16.0.29201.188
MinimumVisualStudioVersion = 10.0.40219.1
Project("{9A19103F-16F7-4668-BE54-9A1E7A4F7556}") = "XPlace-ProjectNotifier", "Source\XPlace-ProjectNotifier\XPlace-ProjectNotifier.csproj", "{A1224674-7796-4C69-AD64-8A5E19802F30}"
EndProject
Global
	GlobalSection(SolutionConfigurationPlatforms) = preSolution
		Debug|Any CPU = Debug|Any CPU
		Release|Any CPU = Release|Any CPU
	EndGlobalSection
	GlobalSection(ProjectConfigurationPlatforms) = postSolution
		{A1224674-7796-4C69-AD64-8A5E19802F30}.Debug|Any CPU.ActiveCfg = Debug|Any CPU
		{A1224674-7796-4C69-AD64-8A5E19802F30}.Debug|Any CPU.Build.0 = Debug|Any CPU
		{A1224674-7796-4C69-AD64-8A5E19802F30}.Release|Any CPU.ActiveCfg = Release|Any CPU
		{A1224674-7796-4C69-AD64-8A5E19802F30}.Release|Any CPU.Build.0 = Release|Any CPU
	EndGlobalSection
	GlobalSection(SolutionProperties) = preSolution
		HideSolutionNode = FALSE
	EndGlobalSection
	GlobalSection(ExtensibilityGlobals) = postSolution
		SolutionGuid = {09F63EC0-555A-4EB7-9954-42C701EFC7AC}
	EndGlobalSection
EndGlobal
